
Microsoft Visual Studio Solution File, Format Version 12.00
# Visual Studio Version 17
VisualStudioVersion = 17.9.34902.65
MinimumVisualStudioVersion = 10.0.40219.1
Project("{FAE04EC0-301F-11D3-BF4B-00C04F79EFBC}") = "aspDotNet.EntityLayer", "aspDotNet.EntityLayer\aspDotNet.EntityLayer.csproj", "{6DE06136-BD48-416B-A7B3-6B20FDF0B4B1}"
EndProject
Project("{FAE04EC0-301F-11D3-BF4B-00C04F79EFBC}") = "aspDotNet.DataAccsessLayer", "aspDotNet.DataAccsessLayer\aspDotNet.DataAccsessLayer.csproj", "{00B33851-C17A-419A-93AC-F09FF345C899}"
EndProject
Project("{FAE04EC0-301F-11D3-BF4B-00C04F79EFBC}") = "aspDotNet.BusiniessLayer", "aspDotNet.BusiniessLayer\aspDotNet.BusiniessLayer.csproj", "{9FE59F7E-E7A2-4CBC-A18A-7131C8D49F0F}"
EndProject
Project("{FAE04EC0-301F-11D3-BF4B-00C04F79EFBC}") = "aspDotNet.DtoLayer", "aspDotNet.DtoLayer\aspDotNet.DtoLayer.csproj", "{F5B9728F-B3BE-4F6C-9DB8-0D48EA283F7F}"
EndProject
Project("{FAE04EC0-301F-11D3-BF4B-00C04F79EFBC}") = "aspDotNet.PresentationLayer", "aspDotNet.PresentationLayer\aspDotNet.PresentationLayer.csproj", "{164B8C6B-6043-42E6-B035-7554AEDF98D2}"
EndProject
Global
	GlobalSection(SolutionConfigurationPlatforms) = preSolution
		Debug|Any CPU = Debug|Any CPU
		Release|Any CPU = Release|Any CPU
	EndGlobalSection
	GlobalSection(ProjectConfigurationPlatforms) = postSolution
		{6DE06136-BD48-416B-A7B3-6B20FDF0B4B1}.Debug|Any CPU.ActiveCfg = Debug|Any CPU
		{6DE06136-BD48-416B-A7B3-6B20FDF0B4B1}.Debug|Any CPU.Build.0 = Debug|Any CPU
		{6DE06136-BD48-416B-A7B3-6B20FDF0B4B1}.Release|Any CPU.ActiveCfg = Release|Any CPU
		{6DE06136-BD48-416B-A7B3-6B20FDF0B4B1}.Release|Any CPU.Build.0 = Release|Any CPU
		{00B33851-C17A-419A-93AC-F09FF345C899}.Debug|Any CPU.ActiveCfg = Debug|Any CPU
		{00B33851-C17A-419A-93AC-F09FF345C899}.Debug|Any CPU.Build.0 = Debug|Any CPU
		{00B33851-C17A-419A-93AC-F09FF345C899}.Release|Any CPU.ActiveCfg = Release|Any CPU
		{00B33851-C17A-419A-93AC-F09FF345C899}.Release|Any CPU.Build.0 = Release|Any CPU
		{9FE59F7E-E7A2-4CBC-A18A-7131C8D49F0F}.Debug|Any CPU.ActiveCfg = Debug|Any CPU
		{9FE59F7E-E7A2-4CBC-A18A-7131C8D49F0F}.Debug|Any CPU.Build.0 = Debug|Any CPU
		{9FE59F7E-E7A2-4CBC-A18A-7131C8D49F0F}.Release|Any CPU.ActiveCfg = Release|Any CPU
		{9FE59F7E-E7A2-4CBC-A18A-7131C8D49F0F}.Release|Any CPU.Build.0 = Release|Any CPU
		{F5B9728F-B3BE-4F6C-9DB8-0D48EA283F7F}.Debug|Any CPU.ActiveCfg = Debug|Any CPU
		{F5B9728F-B3BE-4F6C-9DB8-0D48EA283F7F}.Debug|Any CPU.Build.0 = Debug|Any CPU
		{F5B9728F-B3BE-4F6C-9DB8-0D48EA283F7F}.Release|Any CPU.ActiveCfg = Release|Any CPU
		{F5B9728F-B3BE-4F6C-9DB8-0D48EA283F7F}.Release|Any CPU.Build.0 = Release|Any CPU
		{164B8C6B-6043-42E6-B035-7554AEDF98D2}.Debug|Any CPU.ActiveCfg = Debug|Any CPU
		{164B8C6B-6043-42E6-B035-7554AEDF98D2}.Debug|Any CPU.Build.0 = Debug|Any CPU
		{164B8C6B-6043-42E6-B035-7554AEDF98D2}.Release|Any CPU.ActiveCfg = Release|Any CPU
		{164B8C6B-6043-42E6-B035-7554AEDF98D2}.Release|Any CPU.Build.0 = Release|Any CPU
	EndGlobalSection
	GlobalSection(SolutionProperties) = preSolution
		HideSolutionNode = FALSE
	EndGlobalSection
	GlobalSection(ExtensibilityGlobals) = postSolution
		SolutionGuid = {13D45445-B9EC-4CCF-87A0-8449BF964F69}
	EndGlobalSection
EndGlobal
